
Microsoft Visual Studio Solution File, Format Version 12.00
# Visual Studio Version 17
VisualStudioVersion = 17.14.36414.22 d17.14
MinimumVisualStudioVersion = 10.0.40219.1
Project("{FAE04EC0-301F-11D3-BF4B-00C04F79EFBC}") = "Lista 4 ex2", "Lista 4 ex2\Lista 4 ex2.csproj", "{F74F7A5F-F698-48D2-B568-A4D5CD5DC3D1}"
EndProject
Global
	GlobalSection(SolutionConfigurationPlatforms) = preSolution
		Debug|Any CPU = Debug|Any CPU
		Release|Any CPU = Release|Any CPU
	EndGlobalSection
	GlobalSection(ProjectConfigurationPlatforms) = postSolution
		{F74F7A5F-F698-48D2-B568-A4D5CD5DC3D1}.Debug|Any CPU.ActiveCfg = Debug|Any CPU
		{F74F7A5F-F698-48D2-B568-A4D5CD5DC3D1}.Debug|Any CPU.Build.0 = Debug|Any CPU
		{F74F7A5F-F698-48D2-B568-A4D5CD5DC3D1}.Release|Any CPU.ActiveCfg = Release|Any CPU
		{F74F7A5F-F698-48D2-B568-A4D5CD5DC3D1}.Release|Any CPU.Build.0 = Release|Any CPU
	EndGlobalSection
	GlobalSection(SolutionProperties) = preSolution
		HideSolutionNode = FALSE
	EndGlobalSection
	GlobalSection(ExtensibilityGlobals) = postSolution
		SolutionGuid = {A859D22B-381B-419A-B42B-7062800910F2}
	EndGlobalSection
EndGlobal
