
Microsoft Visual Studio Solution File, Format Version 12.00
# Visual Studio Version 17
VisualStudioVersion = 17.14.36414.22 d17.14
MinimumVisualStudioVersion = 10.0.40219.1
Project("{FAE04EC0-301F-11D3-BF4B-00C04F79EFBC}") = "Lista 5 ex1", "Lista 5 ex1\Lista 5 ex1.csproj", "{E67DCF27-89E6-409D-AA99-F9F86924D1A7}"
EndProject
Global
	GlobalSection(SolutionConfigurationPlatforms) = preSolution
		Debug|Any CPU = Debug|Any CPU
		Release|Any CPU = Release|Any CPU
	EndGlobalSection
	GlobalSection(ProjectConfigurationPlatforms) = postSolution
		{E67DCF27-89E6-409D-AA99-F9F86924D1A7}.Debug|Any CPU.ActiveCfg = Debug|Any CPU
		{E67DCF27-89E6-409D-AA99-F9F86924D1A7}.Debug|Any CPU.Build.0 = Debug|Any CPU
		{E67DCF27-89E6-409D-AA99-F9F86924D1A7}.Release|Any CPU.ActiveCfg = Release|Any CPU
		{E67DCF27-89E6-409D-AA99-F9F86924D1A7}.Release|Any CPU.Build.0 = Release|Any CPU
	EndGlobalSection
	GlobalSection(SolutionProperties) = preSolution
		HideSolutionNode = FALSE
	EndGlobalSection
	GlobalSection(ExtensibilityGlobals) = postSolution
		SolutionGuid = {2C8B9C1D-1ACA-4446-BB9C-D354DD1E840F}
	EndGlobalSection
EndGlobal
