
Microsoft Visual Studio Solution File, Format Version 12.00
# Visual Studio Version 17
VisualStudioVersion = 17.14.36408.4 d17.14
MinimumVisualStudioVersion = 10.0.40219.1
Project("{FAE04EC0-301F-11D3-BF4B-00C04F79EFBC}") = "Lista 2 ex6", "Lista 2 ex6\Lista 2 ex6.csproj", "{95F3F2A9-FE18-42CE-BE96-07BB60C7D89E}"
EndProject
Global
	GlobalSection(SolutionConfigurationPlatforms) = preSolution
		Debug|Any CPU = Debug|Any CPU
		Release|Any CPU = Release|Any CPU
	EndGlobalSection
	GlobalSection(ProjectConfigurationPlatforms) = postSolution
		{95F3F2A9-FE18-42CE-BE96-07BB60C7D89E}.Debug|Any CPU.ActiveCfg = Debug|Any CPU
		{95F3F2A9-FE18-42CE-BE96-07BB60C7D89E}.Debug|Any CPU.Build.0 = Debug|Any CPU
		{95F3F2A9-FE18-42CE-BE96-07BB60C7D89E}.Release|Any CPU.ActiveCfg = Release|Any CPU
		{95F3F2A9-FE18-42CE-BE96-07BB60C7D89E}.Release|Any CPU.Build.0 = Release|Any CPU
	EndGlobalSection
	GlobalSection(SolutionProperties) = preSolution
		HideSolutionNode = FALSE
	EndGlobalSection
	GlobalSection(ExtensibilityGlobals) = postSolution
		SolutionGuid = {8B14C1F8-DE83-428A-8117-01FACB146B54}
	EndGlobalSection
EndGlobal
